
Microsoft Visual Studio Solution File, Format Version 12.00
# Visual Studio Version 17
VisualStudioVersion = 17.9.34616.47
MinimumVisualStudioVersion = 10.0.40219.1
Project("{FAE04EC0-301F-11D3-BF4B-00C04F79EFBC}") = "SimpleEFCoreDataLayer", "SimpleEFCoreDataLayer\SimpleEFCoreDataLayer.csproj", "{22BAA4FA-8F06-481D-B079-02A182A8B7B0}"
EndProject
Project("{FAE04EC0-301F-11D3-BF4B-00C04F79EFBC}") = "SportComplexWebApp", "SportComplexWebApp\SportComplexWebApp.csproj", "{04E415FC-1C7B-4459-BFBE-FA2B1D6D89E7}"
EndProject
Project("{FAE04EC0-301F-11D3-BF4B-00C04F79EFBC}") = "SportComplexConsoleApp", "SportComplexConsoleApp\SportComplexConsoleApp.csproj", "{C1FECC7D-2DB8-4F12-87E6-D00F58224D51}"
EndProject
Global
	GlobalSection(SolutionConfigurationPlatforms) = preSolution
		Debug|Any CPU = Debug|Any CPU
		Release|Any CPU = Release|Any CPU
	EndGlobalSection
	GlobalSection(ProjectConfigurationPlatforms) = postSolution
		{22BAA4FA-8F06-481D-B079-02A182A8B7B0}.Debug|Any CPU.ActiveCfg = Debug|Any CPU
		{22BAA4FA-8F06-481D-B079-02A182A8B7B0}.Debug|Any CPU.Build.0 = Debug|Any CPU
		{22BAA4FA-8F06-481D-B079-02A182A8B7B0}.Release|Any CPU.ActiveCfg = Release|Any CPU
		{22BAA4FA-8F06-481D-B079-02A182A8B7B0}.Release|Any CPU.Build.0 = Release|Any CPU
		{04E415FC-1C7B-4459-BFBE-FA2B1D6D89E7}.Debug|Any CPU.ActiveCfg = Debug|Any CPU
		{04E415FC-1C7B-4459-BFBE-FA2B1D6D89E7}.Debug|Any CPU.Build.0 = Debug|Any CPU
		{04E415FC-1C7B-4459-BFBE-FA2B1D6D89E7}.Release|Any CPU.ActiveCfg = Release|Any CPU
		{04E415FC-1C7B-4459-BFBE-FA2B1D6D89E7}.Release|Any CPU.Build.0 = Release|Any CPU
		{C1FECC7D-2DB8-4F12-87E6-D00F58224D51}.Debug|Any CPU.ActiveCfg = Debug|Any CPU
		{C1FECC7D-2DB8-4F12-87E6-D00F58224D51}.Debug|Any CPU.Build.0 = Debug|Any CPU
		{C1FECC7D-2DB8-4F12-87E6-D00F58224D51}.Release|Any CPU.ActiveCfg = Release|Any CPU
		{C1FECC7D-2DB8-4F12-87E6-D00F58224D51}.Release|Any CPU.Build.0 = Release|Any CPU
	EndGlobalSection
	GlobalSection(SolutionProperties) = preSolution
		HideSolutionNode = FALSE
	EndGlobalSection
	GlobalSection(ExtensibilityGlobals) = postSolution
		SolutionGuid = {C7A898CC-9508-4BEA-A95D-D44F8755AAB4}
	EndGlobalSection
EndGlobal
